
Microsoft Visual Studio Solution File, Format Version 12.00
# Visual Studio Version 16
VisualStudioVersion = 16.0.31515.178
MinimumVisualStudioVersion = 10.0.40219.1
Project("{9A19103F-16F7-4668-BE54-9A1E7A4F7556}") = "CounterTest", "CounterTest\CounterTest.csproj", "{C95734FE-F6F9-492A-8195-43F208269198}"
EndProject
Project("{FAE04EC0-301F-11D3-BF4B-00C04F79EFBC}") = "TestCounterAndClock", "TestCounterAndClock\TestCounterAndClock.csproj", "{7B128001-207B-42B1-B5E6-64F267D2CF0C}"
EndProject
Global
	GlobalSection(SolutionConfigurationPlatforms) = preSolution
		Debug|Any CPU = Debug|Any CPU
		Release|Any CPU = Release|Any CPU
	EndGlobalSection
	GlobalSection(ProjectConfigurationPlatforms) = postSolution
		{C95734FE-F6F9-492A-8195-43F208269198}.Debug|Any CPU.ActiveCfg = Debug|Any CPU
		{C95734FE-F6F9-492A-8195-43F208269198}.Debug|Any CPU.Build.0 = Debug|Any CPU
		{C95734FE-F6F9-492A-8195-43F208269198}.Release|Any CPU.ActiveCfg = Release|Any CPU
		{C95734FE-F6F9-492A-8195-43F208269198}.Release|Any CPU.Build.0 = Release|Any CPU
		{7B128001-207B-42B1-B5E6-64F267D2CF0C}.Debug|Any CPU.ActiveCfg = Debug|Any CPU
		{7B128001-207B-42B1-B5E6-64F267D2CF0C}.Debug|Any CPU.Build.0 = Debug|Any CPU
		{7B128001-207B-42B1-B5E6-64F267D2CF0C}.Release|Any CPU.ActiveCfg = Release|Any CPU
		{7B128001-207B-42B1-B5E6-64F267D2CF0C}.Release|Any CPU.Build.0 = Release|Any CPU
	EndGlobalSection
	GlobalSection(SolutionProperties) = preSolution
		HideSolutionNode = FALSE
	EndGlobalSection
	GlobalSection(ExtensibilityGlobals) = postSolution
		SolutionGuid = {D3234E53-C77A-4901-B49F-99232A3CED1F}
	EndGlobalSection
EndGlobal
