
Microsoft Visual Studio Solution File, Format Version 12.00
# Visual Studio Version 16
VisualStudioVersion = 16.0.31515.178
MinimumVisualStudioVersion = 10.0.40219.1
Project("{9A19103F-16F7-4668-BE54-9A1E7A4F7556}") = "Swin-Adventure", "Swin-Adventure\Swin-Adventure.csproj", "{E3694C69-6FE3-4688-96FB-74DA5502B003}"
EndProject
Project("{9A19103F-16F7-4668-BE54-9A1E7A4F7556}") = "NUnitTests", "NUnitTests\NUnitTests.csproj", "{0DBA9E01-9A4F-4B37-821B-C5B00D1F5CC4}"
EndProject
Project("{FAE04EC0-301F-11D3-BF4B-00C04F79EFBC}") = "SwinAdventureGUI", "SwinAdventureGUI\SwinAdventureGUI.csproj", "{2A5D98FF-F540-44CD-92FA-52880E7C3641}"
EndProject
Global
	GlobalSection(SolutionConfigurationPlatforms) = preSolution
		Debug|Any CPU = Debug|Any CPU
		Release|Any CPU = Release|Any CPU
	EndGlobalSection
	GlobalSection(ProjectConfigurationPlatforms) = postSolution
		{E3694C69-6FE3-4688-96FB-74DA5502B003}.Debug|Any CPU.ActiveCfg = Debug|Any CPU
		{E3694C69-6FE3-4688-96FB-74DA5502B003}.Debug|Any CPU.Build.0 = Debug|Any CPU
		{E3694C69-6FE3-4688-96FB-74DA5502B003}.Release|Any CPU.ActiveCfg = Release|Any CPU
		{E3694C69-6FE3-4688-96FB-74DA5502B003}.Release|Any CPU.Build.0 = Release|Any CPU
		{0DBA9E01-9A4F-4B37-821B-C5B00D1F5CC4}.Debug|Any CPU.ActiveCfg = Debug|Any CPU
		{0DBA9E01-9A4F-4B37-821B-C5B00D1F5CC4}.Debug|Any CPU.Build.0 = Debug|Any CPU
		{0DBA9E01-9A4F-4B37-821B-C5B00D1F5CC4}.Release|Any CPU.ActiveCfg = Release|Any CPU
		{0DBA9E01-9A4F-4B37-821B-C5B00D1F5CC4}.Release|Any CPU.Build.0 = Release|Any CPU
		{2A5D98FF-F540-44CD-92FA-52880E7C3641}.Debug|Any CPU.ActiveCfg = Debug|Any CPU
		{2A5D98FF-F540-44CD-92FA-52880E7C3641}.Debug|Any CPU.Build.0 = Debug|Any CPU
		{2A5D98FF-F540-44CD-92FA-52880E7C3641}.Release|Any CPU.ActiveCfg = Release|Any CPU
		{2A5D98FF-F540-44CD-92FA-52880E7C3641}.Release|Any CPU.Build.0 = Release|Any CPU
	EndGlobalSection
	GlobalSection(SolutionProperties) = preSolution
		HideSolutionNode = FALSE
	EndGlobalSection
	GlobalSection(ExtensibilityGlobals) = postSolution
		SolutionGuid = {27F1700E-59D9-4C82-9DEE-9B0C2A49CE26}
	EndGlobalSection
EndGlobal
