
Microsoft Visual Studio Solution File, Format Version 12.00
# Visual Studio Version 16
VisualStudioVersion = 16.0.31515.178
MinimumVisualStudioVersion = 10.0.40219.1
Project("{FAE04EC0-301F-11D3-BF4B-00C04F79EFBC}") = "UsingFactoryPattern", "UsingFactoryPattern\UsingFactoryPattern.csproj", "{DD717530-AB13-4CC4-AC09-E18E26ED3A4C}"
EndProject
Global
	GlobalSection(SolutionConfigurationPlatforms) = preSolution
		Debug|Any CPU = Debug|Any CPU
		Release|Any CPU = Release|Any CPU
	EndGlobalSection
	GlobalSection(ProjectConfigurationPlatforms) = postSolution
		{DD717530-AB13-4CC4-AC09-E18E26ED3A4C}.Debug|Any CPU.ActiveCfg = Debug|Any CPU
		{DD717530-AB13-4CC4-AC09-E18E26ED3A4C}.Debug|Any CPU.Build.0 = Debug|Any CPU
		{DD717530-AB13-4CC4-AC09-E18E26ED3A4C}.Release|Any CPU.ActiveCfg = Release|Any CPU
		{DD717530-AB13-4CC4-AC09-E18E26ED3A4C}.Release|Any CPU.Build.0 = Release|Any CPU
	EndGlobalSection
	GlobalSection(SolutionProperties) = preSolution
		HideSolutionNode = FALSE
	EndGlobalSection
	GlobalSection(ExtensibilityGlobals) = postSolution
		SolutionGuid = {14D25E29-DCA7-49F7-909B-961AC6D6AB2A}
	EndGlobalSection
EndGlobal
